
Microsoft Visual Studio Solution File, Format Version 12.00
# Visual Studio Version 17
VisualStudioVersion = 17.0.31903.59
MinimumVisualStudioVersion = 10.0.40219.1
Project("{9A19103F-16F7-4668-BE54-9A1E7A4F7556}") = "original-code", "original-code\original-code.csproj", "{91F9D62D-47EB-4A82-9B6E-9BEEF92CFDC9}"
EndProject
Project("{9A19103F-16F7-4668-BE54-9A1E7A4F7556}") = "cleaned-up", "cleaned-up\cleaned-up.csproj", "{FB4E0C8B-B9AC-496F-A28F-B4BF69875043}"
EndProject
Project("{9A19103F-16F7-4668-BE54-9A1E7A4F7556}") = "doesnt-stop", "doesnt-stop\doesnt-stop.csproj", "{0CA4870D-31E2-4073-99F6-994A71232E75}"
EndProject
Project("{9A19103F-16F7-4668-BE54-9A1E7A4F7556}") = "unbounded-channel", "unbounded-channel\unbounded-channel.csproj", "{C6D540AD-9587-4E48-A534-4121C699A90F}"
EndProject
Project("{9A19103F-16F7-4668-BE54-9A1E7A4F7556}") = "separate-await", "separate-await\separate-await.csproj", "{7E346DED-7BC4-44EF-8C7D-0228E22103E9}"
EndProject
Project("{2150E333-8FDC-42A3-9474-1A3956D46DE8}") = "0", "0", "{75E73A7E-5993-479D-A418-A218D8344AE8}"
EndProject
Project("{2150E333-8FDC-42A3-9474-1A3956D46DE8}") = "1", "1", "{7EFF8287-6865-4D2B-AB3E-6D80FB0C2EC7}"
EndProject
Project("{2150E333-8FDC-42A3-9474-1A3956D46DE8}") = "2", "2", "{9C99E5CD-5FF5-4F12-854C-D2021C9AA056}"
EndProject
Project("{2150E333-8FDC-42A3-9474-1A3956D46DE8}") = "3", "3", "{CE538611-B2F9-4763-8AFE-A5641BE0C12B}"
EndProject
Project("{2150E333-8FDC-42A3-9474-1A3956D46DE8}") = "4", "4", "{76B0A953-3596-434B-8974-494B7EB4D8E8}"
EndProject
Global
	GlobalSection(SolutionConfigurationPlatforms) = preSolution
		Debug|Any CPU = Debug|Any CPU
		Release|Any CPU = Release|Any CPU
	EndGlobalSection
	GlobalSection(ProjectConfigurationPlatforms) = postSolution
		{91F9D62D-47EB-4A82-9B6E-9BEEF92CFDC9}.Debug|Any CPU.ActiveCfg = Debug|Any CPU
		{91F9D62D-47EB-4A82-9B6E-9BEEF92CFDC9}.Debug|Any CPU.Build.0 = Debug|Any CPU
		{91F9D62D-47EB-4A82-9B6E-9BEEF92CFDC9}.Release|Any CPU.ActiveCfg = Release|Any CPU
		{91F9D62D-47EB-4A82-9B6E-9BEEF92CFDC9}.Release|Any CPU.Build.0 = Release|Any CPU
		{FB4E0C8B-B9AC-496F-A28F-B4BF69875043}.Debug|Any CPU.ActiveCfg = Debug|Any CPU
		{FB4E0C8B-B9AC-496F-A28F-B4BF69875043}.Debug|Any CPU.Build.0 = Debug|Any CPU
		{FB4E0C8B-B9AC-496F-A28F-B4BF69875043}.Release|Any CPU.ActiveCfg = Release|Any CPU
		{FB4E0C8B-B9AC-496F-A28F-B4BF69875043}.Release|Any CPU.Build.0 = Release|Any CPU
		{0CA4870D-31E2-4073-99F6-994A71232E75}.Debug|Any CPU.ActiveCfg = Debug|Any CPU
		{0CA4870D-31E2-4073-99F6-994A71232E75}.Debug|Any CPU.Build.0 = Debug|Any CPU
		{0CA4870D-31E2-4073-99F6-994A71232E75}.Release|Any CPU.ActiveCfg = Release|Any CPU
		{0CA4870D-31E2-4073-99F6-994A71232E75}.Release|Any CPU.Build.0 = Release|Any CPU
		{C6D540AD-9587-4E48-A534-4121C699A90F}.Debug|Any CPU.ActiveCfg = Debug|Any CPU
		{C6D540AD-9587-4E48-A534-4121C699A90F}.Debug|Any CPU.Build.0 = Debug|Any CPU
		{C6D540AD-9587-4E48-A534-4121C699A90F}.Release|Any CPU.ActiveCfg = Release|Any CPU
		{C6D540AD-9587-4E48-A534-4121C699A90F}.Release|Any CPU.Build.0 = Release|Any CPU
		{7E346DED-7BC4-44EF-8C7D-0228E22103E9}.Debug|Any CPU.ActiveCfg = Debug|Any CPU
		{7E346DED-7BC4-44EF-8C7D-0228E22103E9}.Debug|Any CPU.Build.0 = Debug|Any CPU
		{7E346DED-7BC4-44EF-8C7D-0228E22103E9}.Release|Any CPU.ActiveCfg = Release|Any CPU
		{7E346DED-7BC4-44EF-8C7D-0228E22103E9}.Release|Any CPU.Build.0 = Release|Any CPU
	EndGlobalSection
	GlobalSection(SolutionProperties) = preSolution
		HideSolutionNode = FALSE
	EndGlobalSection
	GlobalSection(NestedProjects) = preSolution
		{91F9D62D-47EB-4A82-9B6E-9BEEF92CFDC9} = {75E73A7E-5993-479D-A418-A218D8344AE8}
		{FB4E0C8B-B9AC-496F-A28F-B4BF69875043} = {7EFF8287-6865-4D2B-AB3E-6D80FB0C2EC7}
		{0CA4870D-31E2-4073-99F6-994A71232E75} = {76B0A953-3596-434B-8974-494B7EB4D8E8}
		{C6D540AD-9587-4E48-A534-4121C699A90F} = {CE538611-B2F9-4763-8AFE-A5641BE0C12B}
		{7E346DED-7BC4-44EF-8C7D-0228E22103E9} = {9C99E5CD-5FF5-4F12-854C-D2021C9AA056}
	EndGlobalSection
	GlobalSection(ExtensibilityGlobals) = postSolution
		SolutionGuid = {47E40101-3479-4485-BB6B-7F876A1EAD4D}
	EndGlobalSection
EndGlobal
